PODS:
  - ActionSheetPicker-3.0 (2.2.0)
  - CSV.swift (2.1.0)
  - Firebase/Core (4.3.0):
    - FirebaseAnalytics (= 4.0.4)
    - FirebaseCore (= 4.0.8)
  - FirebaseAnalytics (4.0.4):
    - FirebaseCore (~> 4.0)
    - FirebaseInstanceID (~> 2.0)
    - GoogleToolboxForMac/NSData+zlib (~> 2.1)
    - nanopb (~> 0.3)
  - FirebaseCore (4.0.8):
    - GoogleToolboxForMac/NSData+zlib (~> 2.1)
    - nanopb (~> 0.3)
  - FirebaseInstanceID (2.0.4)
  - GoogleToolboxForMac/Defines (2.1.3)
  - GoogleToolboxForMac/NSData+zlib (2.1.3):
    - GoogleToolboxForMac/Defines (= 2.1.3)
  - IQKeyboardManagerSwift (5.0.3)
  - nanopb (0.3.8):
    - nanopb/decode (= 0.3.8)
    - nanopb/encode (= 0.3.8)
  - nanopb/decode (0.3.8)
  - nanopb/encode (0.3.8)
  - PKHUD (5.0.0)
  - PopupDialog (0.5.4)
  - Realm (2.10.2):
    - Realm/Headers (= 2.10.2)
  - Realm/Headers (2.10.2)
  - RealmSwift (2.10.2):
    - Realm (= 2.10.2)
  - Reveal-SDK (11)
  - SDWebImage (4.1.2):
    - SDWebImage/Core (= 4.1.2)
  - SDWebImage/Core (4.1.2)
  - SwiftDate (4.3.0)
  - UIImageViewAlignedSwift (0.5.0)

DEPENDENCIES:
  - ActionSheetPicker-3.0
  - CSV.swift
  - Firebase/Core
  - IQKeyboardManagerSwift
  - PKHUD
  - PopupDialog (~> 0.5.4)
  - RealmSwift
  - Reveal-SDK
  - SDWebImage
  - SwiftDate (~> 4.3.0)
  - UIImageViewAlignedSwift

SPEC CHECKSUMS:
  ActionSheetPicker-3.0: d11a4c12c6aaf704b8a3f56d179198c99f3e41e6
  CSV.swift: a24fb11c17875523783fe963592762ff163ef8ea
  Firebase: 83283761a1ef6dc9846e03d08059f51421afbd65
  FirebaseAnalytics: 722b53c7b32bfc7806b06e0093a2f5180d4f2c5a
  FirebaseCore: 69b1a5ac5f857ba6d5fd9d5fe794f4786dd5e579
  FirebaseInstanceID: 70c2b877e9338971b2429ea5a4293df6961aa44e
  GoogleToolboxForMac: 2501e2ad72a52eb3dfe7bd9aee7dad11b858bd20
  IQKeyboardManagerSwift: e257e513744cf32123eca7061272acea0246fc83
  nanopb: 5601e6bca2dbf1ed831b519092ec110f66982ca3
  PKHUD: 3c001512c6e002091184197a8de7a20420786e3b
  PopupDialog: 75cf955693590b0cb2fdde00223fb65d99c57247
  Realm: 0ef72b837fb67e9f4b098bac771ddd72c7fdbb69
  RealmSwift: 07a9ae0505091eda6b2ee7c190c3786d6e90a7b0
  Reveal-SDK: 7fa13d04bb55db61ff2342a990cf731d5159361d
  SDWebImage: cb6f9f266a9977741efcbc21e618e8be3734c774
  SwiftDate: 64e2312711c5c506f7b51794308ce91f19eb494a
  UIImageViewAlignedSwift: 2e09096e6081ad26b848e19b4bc35a7d69165740

PODFILE CHECKSUM: 3c76ff94592e71066d3be96cf37b233a5bcf3a4c

COCOAPODS: 1.1.1
