// !$*UTF8*$!
{
	archiveVersion = 1;
	classes = {
	};
	objectVersion = 46;
	objects = {

/* Begin PBXBuildFile section */
		5671953850C6F00DA956CA53 /* Pods_MyPopCollection.framework in Frameworks */ = {isa = PBXBuildFile; fileRef = 560B916DFC744D6FF14E93CC /* Pods_MyPopCollection.framework */; };
		D757AB6F1F4DBB420086BD94 /* AppDelegate.swift in Sources */ = {isa = PBXBuildFile; fileRef = D757AB6E1F4DBB420086BD94 /* AppDelegate.swift */; };
		D757AB741F4DBB420086BD94 /* Main.storyboard in Resources */ = {isa = PBXBuildFile; fileRef = D757AB721F4DBB420086BD94 /* Main.storyboard */; };
		D757AB761F4DBB420086BD94 /* Assets.xcassets in Resources */ = {isa = PBXBuildFile; fileRef = D757AB751F4DBB420086BD94 /* Assets.xcassets */; };
		D757AB791F4DBB420086BD94 /* LaunchScreen.storyboard in Resources */ = {isa = PBXBuildFile; fileRef = D757AB771F4DBB420086BD94 /* LaunchScreen.storyboard */; };
		D757AB851F4DBC8B0086BD94 /* Constants.swift in Sources */ = {isa = PBXBuildFile; fileRef = D757AB841F4DBC8B0086BD94 /* Constants.swift */; };
		D757AB871F4DD6790086BD94 /* MainTabBarViewController.swift in Sources */ = {isa = PBXBuildFile; fileRef = D757AB861F4DD6790086BD94 /* MainTabBarViewController.swift */; };
		D757AB891F4DD7340086BD94 /* MyCollectionViewController.swift in Sources */ = {isa = PBXBuildFile; fileRef = D757AB881F4DD7340086BD94 /* MyCollectionViewController.swift */; };
		D757AB8B1F4DD7B50086BD94 /* BrowseFranchisesViewController.swift in Sources */ = {isa = PBXBuildFile; fileRef = D757AB8A1F4DD7B50086BD94 /* BrowseFranchisesViewController.swift */; };
		D757AB8D1F4DD7CB0086BD94 /* AddNewItemViewController.swift in Sources */ = {isa = PBXBuildFile; fileRef = D757AB8C1F4DD7CB0086BD94 /* AddNewItemViewController.swift */; };
		D757AB901F4F0FEB0086BD94 /* BebasNeue.ttf in Resources */ = {isa = PBXBuildFile; fileRef = D757AB8F1F4F0FEB0086BD94 /* BebasNeue.ttf */; };
		D757AB951F4F10BB0086BD94 /* DatabaseHelper.swift in Sources */ = {isa = PBXBuildFile; fileRef = D757AB941F4F10BB0086BD94 /* DatabaseHelper.swift */; };
		D757AB9A1F4F21EE0086BD94 /* MyCollectionTableViewCell.swift in Sources */ = {isa = PBXBuildFile; fileRef = D757AB991F4F21EE0086BD94 /* MyCollectionTableViewCell.swift */; };
		D757AB9C1F4F21F60086BD94 /* MyCollectionTableViewCell.xib in Resources */ = {isa = PBXBuildFile; fileRef = D757AB9B1F4F21F60086BD94 /* MyCollectionTableViewCell.xib */; };
		D757AB9E1F4F34410086BD94 /* BaseViewViewController.swift in Sources */ = {isa = PBXBuildFile; fileRef = D757AB9D1F4F34410086BD94 /* BaseViewViewController.swift */; };
		D757ABA01F4F38980086BD94 /* MyCollectionDetailsViewController.swift in Sources */ = {isa = PBXBuildFile; fileRef = D757AB9F1F4F38980086BD94 /* MyCollectionDetailsViewController.swift */; };
		D757ABA21F4F423A0086BD94 /* FranchiseTableViewCell.swift in Sources */ = {isa = PBXBuildFile; fileRef = D757ABA11F4F423A0086BD94 /* FranchiseTableViewCell.swift */; };
		D757ABA41F4F42490086BD94 /* FranchiseTableViewCell.xib in Resources */ = {isa = PBXBuildFile; fileRef = D757ABA31F4F42490086BD94 /* FranchiseTableViewCell.xib */; };
		D757ABA61F4F433B0086BD94 /* FranchiseDetailsViewController.swift in Sources */ = {isa = PBXBuildFile; fileRef = D757ABA51F4F433B0086BD94 /* FranchiseDetailsViewController.swift */; };
		D757ABA81F4F454D0086BD94 /* ItemCollectionViewCell.swift in Sources */ = {isa = PBXBuildFile; fileRef = D757ABA71F4F454D0086BD94 /* ItemCollectionViewCell.swift */; };
		D757ABAA1F4F45560086BD94 /* ItemCollectionViewCell.xib in Resources */ = {isa = PBXBuildFile; fileRef = D757ABA91F4F45560086BD94 /* ItemCollectionViewCell.xib */; };
		D773B80D1F56F8BC00FAF557 /* UIColor.swift in Sources */ = {isa = PBXBuildFile; fileRef = D773B80C1F56F8BC00FAF557 /* UIColor.swift */; };
		D7BEB90A1F542936003853B7 /* UITextField.swift in Sources */ = {isa = PBXBuildFile; fileRef = D7BEB9091F542936003853B7 /* UITextField.swift */; };
		D7BEB9101F56CA1F003853B7 /* SectionHeaderTitleView.swift in Sources */ = {isa = PBXBuildFile; fileRef = D7BEB90F1F56CA1F003853B7 /* SectionHeaderTitleView.swift */; };
		D7BEB9121F56CA27003853B7 /* SectionHeaderTitleView.xib in Resources */ = {isa = PBXBuildFile; fileRef = D7BEB9111F56CA27003853B7 /* SectionHeaderTitleView.xib */; };
		D7C807851F4E031400DA4E33 /* Item.swift in Sources */ = {isa = PBXBuildFile; fileRef = D7C807841F4E031400DA4E33 /* Item.swift */; };
		D7C807871F4E049400DA4E33 /* ItemDetailsViewController.swift in Sources */ = {isa = PBXBuildFile; fileRef = D7C807861F4E049400DA4E33 /* ItemDetailsViewController.swift */; };
		D7C807891F4E05F800DA4E33 /* StatsViewController.swift in Sources */ = {isa = PBXBuildFile; fileRef = D7C807881F4E05F800DA4E33 /* StatsViewController.swift */; };
		D7C8078B1F4E073F00DA4E33 /* ServiceMock.swift in Sources */ = {isa = PBXBuildFile; fileRef = D7C8078A1F4E073F00DA4E33 /* ServiceMock.swift */; };
		D7C8078D1F4E08F200DA4E33 /* Franchise.swift in Sources */ = {isa = PBXBuildFile; fileRef = D7C8078C1F4E08F200DA4E33 /* Franchise.swift */; };
		D7EA55701F5851360014E1EA /* WishlistViewController.swift in Sources */ = {isa = PBXBuildFile; fileRef = D7EA556F1F5851360014E1EA /* WishlistViewController.swift */; };
/* End PBXBuildFile section */

/* Begin PBXFileReference section */
		560B916DFC744D6FF14E93CC /* Pods_MyPopCollection.framework */ = {isa = PBXFileReference; explicitFileType = wrapper.framework; includeInIndex = 0; path = Pods_MyPopCollection.framework; sourceTree = BUILT_PRODUCTS_DIR; };
		6D8CD9F49D33ABA91209AF89 /* Pods-MyPopCollection.debug.xcconfig */ = {isa = PBXFileReference; includeInIndex = 1; lastKnownFileType = text.xcconfig; name = "Pods-MyPopCollection.debug.xcconfig"; path = "Pods/Target Support Files/Pods-MyPopCollection/Pods-MyPopCollection.debug.xcconfig"; sourceTree = "<group>"; };
		9A9A3D5E1276AC562AC666C7 /* Pods-MyPopCollection.release.xcconfig */ = {isa = PBXFileReference; includeInIndex = 1; lastKnownFileType = text.xcconfig; name = "Pods-MyPopCollection.release.xcconfig"; path = "Pods/Target Support Files/Pods-MyPopCollection/Pods-MyPopCollection.release.xcconfig"; sourceTree = "<group>"; };
		D757AB6B1F4DBB420086BD94 /* MyPopCollection.app */ = {isa = PBXFileReference; explicitFileType = wrapper.application; includeInIndex = 0; path = MyPopCollection.app; sourceTree = BUILT_PRODUCTS_DIR; };
		D757AB6E1F4DBB420086BD94 /* AppDelegate.swift */ = {isa = PBXFileReference; lastKnownFileType = sourcecode.swift; path = AppDelegate.swift; sourceTree = "<group>"; };
		D757AB731F4DBB420086BD94 /* Base */ = {isa = PBXFileReference; lastKnownFileType = file.storyboard; name = Base; path = Base.lproj/Main.storyboard; sourceTree = "<group>"; };
		D757AB751F4DBB420086BD94 /* Assets.xcassets */ = {isa = PBXFileReference; lastKnownFileType = folder.assetcatalog; path = Assets.xcassets; sourceTree = "<group>"; };
		D757AB781F4DBB420086BD94 /* Base */ = {isa = PBXFileReference; lastKnownFileType = file.storyboard; name = Base; path = Base.lproj/LaunchScreen.storyboard; sourceTree = "<group>"; };
		D757AB7A1F4DBB420086BD94 /* Info.plist */ = {isa = PBXFileReference; lastKnownFileType = text.plist.xml; path = Info.plist; sourceTree = "<group>"; };
		D757AB841F4DBC8B0086BD94 /* Constants.swift */ = {isa = PBXFileReference; fileEncoding = 4; lastKnownFileType = sourcecode.swift; path = Constants.swift; sourceTree = "<group>"; };
		D757AB861F4DD6790086BD94 /* MainTabBarViewController.swift */ = {isa = PBXFileReference; fileEncoding = 4; lastKnownFileType = sourcecode.swift; path = MainTabBarViewController.swift; sourceTree = "<group>"; };
		D757AB881F4DD7340086BD94 /* MyCollectionViewController.swift */ = {isa = PBXFileReference; fileEncoding = 4; lastKnownFileType = sourcecode.swift; path = MyCollectionViewController.swift; sourceTree = "<group>"; };
		D757AB8A1F4DD7B50086BD94 /* BrowseFranchisesViewController.swift */ = {isa = PBXFileReference; fileEncoding = 4; lastKnownFileType = sourcecode.swift; path = BrowseFranchisesViewController.swift; sourceTree = "<group>"; };
		D757AB8C1F4DD7CB0086BD94 /* AddNewItemViewController.swift */ = {isa = PBXFileReference; fileEncoding = 4; lastKnownFileType = sourcecode.swift; path = AddNewItemViewController.swift; sourceTree = "<group>"; };
		D757AB8F1F4F0FEB0086BD94 /* BebasNeue.ttf */ = {isa = PBXFileReference; lastKnownFileType = file; path = BebasNeue.ttf; sourceTree = "<group>"; };
		D757AB941F4F10BB0086BD94 /* DatabaseHelper.swift */ = {isa = PBXFileReference; fileEncoding = 4; lastKnownFileType = sourcecode.swift; path = DatabaseHelper.swift; sourceTree = "<group>"; };
		D757AB991F4F21EE0086BD94 /* MyCollectionTableViewCell.swift */ = {isa = PBXFileReference; fileEncoding = 4; lastKnownFileType = sourcecode.swift; path = MyCollectionTableViewCell.swift; sourceTree = "<group>"; };
		D757AB9B1F4F21F60086BD94 /* MyCollectionTableViewCell.xib */ = {isa = PBXFileReference; fileEncoding = 4; lastKnownFileType = file.xib; path = MyCollectionTableViewCell.xib; sourceTree = "<group>"; };
		D757AB9D1F4F34410086BD94 /* BaseViewViewController.swift */ = {isa = PBXFileReference; fileEncoding = 4; lastKnownFileType = sourcecode.swift; path = BaseViewViewController.swift; sourceTree = "<group>"; };
		D757AB9F1F4F38980086BD94 /* MyCollectionDetailsViewController.swift */ = {isa = PBXFileReference; fileEncoding = 4; lastKnownFileType = sourcecode.swift; path = MyCollectionDetailsViewController.swift; sourceTree = "<group>"; };
		D757ABA11F4F423A0086BD94 /* FranchiseTableViewCell.swift */ = {isa = PBXFileReference; fileEncoding = 4; lastKnownFileType = sourcecode.swift; path = FranchiseTableViewCell.swift; sourceTree = "<group>"; };
		D757ABA31F4F42490086BD94 /* FranchiseTableViewCell.xib */ = {isa = PBXFileReference; fileEncoding = 4; lastKnownFileType = file.xib; path = FranchiseTableViewCell.xib; sourceTree = "<group>"; };
		D757ABA51F4F433B0086BD94 /* FranchiseDetailsViewController.swift */ = {isa = PBXFileReference; fileEncoding = 4; lastKnownFileType = sourcecode.swift; path = FranchiseDetailsViewController.swift; sourceTree = "<group>"; };
		D757ABA71F4F454D0086BD94 /* ItemCollectionViewCell.swift */ = {isa = PBXFileReference; fileEncoding = 4; lastKnownFileType = sourcecode.swift; path = ItemCollectionViewCell.swift; sourceTree = "<group>"; };
		D757ABA91F4F45560086BD94 /* ItemCollectionViewCell.xib */ = {isa = PBXFileReference; fileEncoding = 4; lastKnownFileType = file.xib; path = ItemCollectionViewCell.xib; sourceTree = "<group>"; };
		D773B80C1F56F8BC00FAF557 /* UIColor.swift */ = {isa = PBXFileReference; fileEncoding = 4; lastKnownFileType = sourcecode.swift; path = UIColor.swift; sourceTree = "<group>"; };
		D7BEB9091F542936003853B7 /* UITextField.swift */ = {isa = PBXFileReference; fileEncoding = 4; lastKnownFileType = sourcecode.swift; path = UITextField.swift; sourceTree = "<group>"; };
		D7BEB90F1F56CA1F003853B7 /* SectionHeaderTitleView.swift */ = {isa = PBXFileReference; fileEncoding = 4; lastKnownFileType = sourcecode.swift; path = SectionHeaderTitleView.swift; sourceTree = "<group>"; };
		D7BEB9111F56CA27003853B7 /* SectionHeaderTitleView.xib */ = {isa = PBXFileReference; fileEncoding = 4; lastKnownFileType = file.xib; path = SectionHeaderTitleView.xib; sourceTree = "<group>"; };
		D7C807841F4E031400DA4E33 /* Item.swift */ = {isa = PBXFileReference; fileEncoding = 4; lastKnownFileType = sourcecode.swift; path = Item.swift; sourceTree = "<group>"; };
		D7C807861F4E049400DA4E33 /* ItemDetailsViewController.swift */ = {isa = PBXFileReference; fileEncoding = 4; lastKnownFileType = sourcecode.swift; path = ItemDetailsViewController.swift; sourceTree = "<group>"; };
		D7C807881F4E05F800DA4E33 /* StatsViewController.swift */ = {isa = PBXFileReference; fileEncoding = 4; lastKnownFileType = sourcecode.swift; path = StatsViewController.swift; sourceTree = "<group>"; };
		D7C8078A1F4E073F00DA4E33 /* ServiceMock.swift */ = {isa = PBXFileReference; fileEncoding = 4; lastKnownFileType = sourcecode.swift; path = ServiceMock.swift; sourceTree = "<group>"; };
		D7C8078C1F4E08F200DA4E33 /* Franchise.swift */ = {isa = PBXFileReference; fileEncoding = 4; lastKnownFileType = sourcecode.swift; path = Franchise.swift; sourceTree = "<group>"; };
		D7EA556F1F5851360014E1EA /* WishlistViewController.swift */ = {isa = PBXFileReference; fileEncoding = 4; lastKnownFileType = sourcecode.swift; path = WishlistViewController.swift; sourceTree = "<group>"; };
/* End PBXFileReference section */

/* Begin PBXFrameworksBuildPhase section */
		D757AB681F4DBB420086BD94 /* Frameworks */ = {
			isa = PBXFrameworksBuildPhase;
			buildActionMask = 2147483647;
			files = (
				5671953850C6F00DA956CA53 /* Pods_MyPopCollection.framework in Frameworks */,
			);
			runOnlyForDeploymentPostprocessing = 0;
		};
/* End PBXFrameworksBuildPhase section */

/* Begin PBXGroup section */
		023786A64A39CD9CEFAB87A5 /* Frameworks */ = {
			isa = PBXGroup;
			children = (
				560B916DFC744D6FF14E93CC /* Pods_MyPopCollection.framework */,
			);
			name = Frameworks;
			sourceTree = "<group>";
		};
		14970356BDB8F1B50B5F6578 /* Pods */ = {
			isa = PBXGroup;
			children = (
				6D8CD9F49D33ABA91209AF89 /* Pods-MyPopCollection.debug.xcconfig */,
				9A9A3D5E1276AC562AC666C7 /* Pods-MyPopCollection.release.xcconfig */,
			);
			name = Pods;
			sourceTree = "<group>";
		};
		D757AB621F4DBB420086BD94 = {
			isa = PBXGroup;
			children = (
				D757AB6D1F4DBB420086BD94 /* MyPopCollection */,
				D757AB6C1F4DBB420086BD94 /* Products */,
				14970356BDB8F1B50B5F6578 /* Pods */,
				023786A64A39CD9CEFAB87A5 /* Frameworks */,
			);
			sourceTree = "<group>";
		};
		D757AB6C1F4DBB420086BD94 /* Products */ = {
			isa = PBXGroup;
			children = (
				D757AB6B1F4DBB420086BD94 /* MyPopCollection.app */,
			);
			name = Products;
			sourceTree = "<group>";
		};
		D757AB6D1F4DBB420086BD94 /* MyPopCollection */ = {
			isa = PBXGroup;
			children = (
				D7BEB9081F54290A003853B7 /* Extensions */,
				D757AB931F4F108D0086BD94 /* Database */,
				D757AB8E1F4F0FB30086BD94 /* Fonts */,
				D757AB831F4DBC3D0086BD94 /* Entities */,
				D757AB821F4DBC380086BD94 /* Services */,
				D757AB811F4DBC310086BD94 /* CustomViews */,
				D757AB801F4DBC2B0086BD94 /* ViewControllers */,
				D757AB6E1F4DBB420086BD94 /* AppDelegate.swift */,
				D757AB721F4DBB420086BD94 /* Main.storyboard */,
				D757AB751F4DBB420086BD94 /* Assets.xcassets */,
				D757AB771F4DBB420086BD94 /* LaunchScreen.storyboard */,
				D757AB7A1F4DBB420086BD94 /* Info.plist */,
				D757AB841F4DBC8B0086BD94 /* Constants.swift */,
			);
			path = MyPopCollection;
			sourceTree = "<group>";
		};
		D757AB801F4DBC2B0086BD94 /* ViewControllers */ = {
			isa = PBXGroup;
			children = (
				D757AB9D1F4F34410086BD94 /* BaseViewViewController.swift */,
				D757AB861F4DD6790086BD94 /* MainTabBarViewController.swift */,
				D757AB881F4DD7340086BD94 /* MyCollectionViewController.swift */,
				D757AB8A1F4DD7B50086BD94 /* BrowseFranchisesViewController.swift */,
				D7C807881F4E05F800DA4E33 /* StatsViewController.swift */,
				D757AB8C1F4DD7CB0086BD94 /* AddNewItemViewController.swift */,
				D7C807861F4E049400DA4E33 /* ItemDetailsViewController.swift */,
				D757AB9F1F4F38980086BD94 /* MyCollectionDetailsViewController.swift */,
				D757ABA51F4F433B0086BD94 /* FranchiseDetailsViewController.swift */,
				D7EA556F1F5851360014E1EA /* WishlistViewController.swift */,
			);
			path = ViewControllers;
			sourceTree = "<group>";
		};
		D757AB811F4DBC310086BD94 /* CustomViews */ = {
			isa = PBXGroup;
			children = (
				D757AB991F4F21EE0086BD94 /* MyCollectionTableViewCell.swift */,
				D757AB9B1F4F21F60086BD94 /* MyCollectionTableViewCell.xib */,
				D757ABA11F4F423A0086BD94 /* FranchiseTableViewCell.swift */,
				D757ABA31F4F42490086BD94 /* FranchiseTableViewCell.xib */,
				D757ABA71F4F454D0086BD94 /* ItemCollectionViewCell.swift */,
				D757ABA91F4F45560086BD94 /* ItemCollectionViewCell.xib */,
				D7BEB90F1F56CA1F003853B7 /* SectionHeaderTitleView.swift */,
				D7BEB9111F56CA27003853B7 /* SectionHeaderTitleView.xib */,
			);
			path = CustomViews;
			sourceTree = "<group>";
		};
		D757AB821F4DBC380086BD94 /* Services */ = {
			isa = PBXGroup;
			children = (
				D7C8078A1F4E073F00DA4E33 /* ServiceMock.swift */,
			);
			path = Services;
			sourceTree = "<group>";
		};
		D757AB831F4DBC3D0086BD94 /* Entities */ = {
			isa = PBXGroup;
			children = (
				D7C8078C1F4E08F200DA4E33 /* Franchise.swift */,
				D7C807841F4E031400DA4E33 /* Item.swift */,
			);
			path = Entities;
			sourceTree = "<group>";
		};
		D757AB8E1F4F0FB30086BD94 /* Fonts */ = {
			isa = PBXGroup;
			children = (
				D757AB8F1F4F0FEB0086BD94 /* BebasNeue.ttf */,
			);
			path = Fonts;
			sourceTree = "<group>";
		};
		D757AB931F4F108D0086BD94 /* Database */ = {
			isa = PBXGroup;
			children = (
				D757AB941F4F10BB0086BD94 /* DatabaseHelper.swift */,
			);
			path = Database;
			sourceTree = "<group>";
		};
		D7BEB9081F54290A003853B7 /* Extensions */ = {
			isa = PBXGroup;
			children = (
				D7BEB9091F542936003853B7 /* UITextField.swift */,
				D773B80C1F56F8BC00FAF557 /* UIColor.swift */,
			);
			path = Extensions;
			sourceTree = "<group>";
		};
/* End PBXGroup section */

/* Begin PBXNativeTarget section */
		D757AB6A1F4DBB420086BD94 /* MyPopCollection */ = {
			isa = PBXNativeTarget;
			buildConfigurationList = D757AB7D1F4DBB420086BD94 /* Build configuration list for PBXNativeTarget "MyPopCollection" */;
			buildPhases = (
				F85958A88C99916641596520 /* [CP] Check Pods Manifest.lock */,
				D757AB671F4DBB420086BD94 /* Sources */,
				D757AB681F4DBB420086BD94 /* Frameworks */,
				D757AB691F4DBB420086BD94 /* Resources */,
				3147A2E286D4C241FB188BC4 /* [CP] Embed Pods Frameworks */,
				6A693516E3154B84BAD095A8 /* [CP] Copy Pods Resources */,
			);
			buildRules = (
			);
			dependencies = (
			);
			name = MyPopCollection;
			productName = MyPopCollection;
			productReference = D757AB6B1F4DBB420086BD94 /* MyPopCollection.app */;
			productType = "com.apple.product-type.application";
		};
/* End PBXNativeTarget section */

/* Begin PBXProject section */
		D757AB631F4DBB420086BD94 /* Project object */ = {
			isa = PBXProject;
			attributes = {
				LastSwiftUpdateCheck = 0830;
				LastUpgradeCheck = 0830;
				ORGANIZATIONNAME = "Elisabete Sousa";
				TargetAttributes = {
					D757AB6A1F4DBB420086BD94 = {
						CreatedOnToolsVersion = 8.3.2;
						DevelopmentTeam = 3HTSHZJ2X2;
						ProvisioningStyle = Automatic;
					};
				};
			};
			buildConfigurationList = D757AB661F4DBB420086BD94 /* Build configuration list for PBXProject "MyPopCollection" */;
			compatibilityVersion = "Xcode 3.2";
			developmentRegion = English;
			hasScannedForEncodings = 0;
			knownRegions = (
				en,
				Base,
			);
			mainGroup = D757AB621F4DBB420086BD94;
			productRefGroup = D757AB6C1F4DBB420086BD94 /* Products */;
			projectDirPath = "";
			projectRoot = "";
			targets = (
				D757AB6A1F4DBB420086BD94 /* MyPopCollection */,
			);
		};
/* End PBXProject section */

/* Begin PBXResourcesBuildPhase section */
		D757AB691F4DBB420086BD94 /* Resources */ = {
			isa = PBXResourcesBuildPhase;
			buildActionMask = 2147483647;
			files = (
				D757AB791F4DBB420086BD94 /* LaunchScreen.storyboard in Resources */,
				D757AB761F4DBB420086BD94 /* Assets.xcassets in Resources */,
				D757AB9C1F4F21F60086BD94 /* MyCollectionTableViewCell.xib in Resources */,
				D757ABAA1F4F45560086BD94 /* ItemCollectionViewCell.xib in Resources */,
				D757AB741F4DBB420086BD94 /* Main.storyboard in Resources */,
				D757AB901F4F0FEB0086BD94 /* BebasNeue.ttf in Resources */,
				D7BEB9121F56CA27003853B7 /* SectionHeaderTitleView.xib in Resources */,
				D757ABA41F4F42490086BD94 /* FranchiseTableViewCell.xib in Resources */,
			);
			runOnlyForDeploymentPostprocessing = 0;
		};
/* End PBXResourcesBuildPhase section */

/* Begin PBXShellScriptBuildPhase section */
		3147A2E286D4C241FB188BC4 /* [CP] Embed Pods Frameworks */ = {
			isa = PBXShellScriptBuildPhase;
			buildActionMask = 2147483647;
			files = (
			);
			inputPaths = (
				"${SRCROOT}/Pods/Target Support Files/Pods-MyPopCollection/Pods-MyPopCollection-frameworks.sh",
				"${BUILT_PRODUCTS_DIR}/ActionSheetPicker-3.0/ActionSheetPicker_3_0.framework",
				"${BUILT_PRODUCTS_DIR}/IQKeyboardManagerSwift/IQKeyboardManagerSwift.framework",
				"${BUILT_PRODUCTS_DIR}/Realm/Realm.framework",
				"${BUILT_PRODUCTS_DIR}/RealmSwift/RealmSwift.framework",
				"${PODS_ROOT}/Reveal-SDK/RevealServer-9/iOS/RevealServer.framework",
				"${BUILT_PRODUCTS_DIR}/SDWebImage/SDWebImage.framework",
				"${BUILT_PRODUCTS_DIR}/SwiftDate/SwiftDate.framework",
			);
			name = "[CP] Embed Pods Frameworks";
			outputPaths = (
				"${TARGET_BUILD_DIR}/${FRAMEWORKS_FOLDER_PATH}/ActionSheetPicker_3_0.framework",
				"${TARGET_BUILD_DIR}/${FRAMEWORKS_FOLDER_PATH}/IQKeyboardManagerSwift.framework",
				"${TARGET_BUILD_DIR}/${FRAMEWORKS_FOLDER_PATH}/Realm.framework",
				"${TARGET_BUILD_DIR}/${FRAMEWORKS_FOLDER_PATH}/RealmSwift.framework",
				"${TARGET_BUILD_DIR}/${FRAMEWORKS_FOLDER_PATH}/RevealServer.framework",
				"${TARGET_BUILD_DIR}/${FRAMEWORKS_FOLDER_PATH}/SDWebImage.framework",
				"${TARGET_BUILD_DIR}/${FRAMEWORKS_FOLDER_PATH}/SwiftDate.framework",
			);
			runOnlyForDeploymentPostprocessing = 0;
			shellPath = /bin/sh;
			shellScript = "\"${SRCROOT}/Pods/Target Support Files/Pods-MyPopCollection/Pods-MyPopCollection-frameworks.sh\"\n";
			showEnvVarsInLog = 0;
		};
		6A693516E3154B84BAD095A8 /* [CP] Copy Pods Resources */ = {
			isa = PBXShellScriptBuildPhase;
			buildActionMask = 2147483647;
			files = (
			);
			inputPaths = (
			);
			name = "[CP] Copy Pods Resources";
			outputPaths = (
			);
			runOnlyForDeploymentPostprocessing = 0;
			shellPath = /bin/sh;
			shellScript = "\"${SRCROOT}/Pods/Target Support Files/Pods-MyPopCollection/Pods-MyPopCollection-resources.sh\"\n";
			showEnvVarsInLog = 0;
		};
		F85958A88C99916641596520 /* [CP] Check Pods Manifest.lock */ = {
			isa = PBXShellScriptBuildPhase;
			buildActionMask = 2147483647;
			files = (
			);
			inputPaths = (
				"${PODS_PODFILE_DIR_PATH}/Podfile.lock",
				"${PODS_ROOT}/Manifest.lock",
			);
			name = "[CP] Check Pods Manifest.lock";
			outputPaths = (
				"$(DERIVED_FILE_DIR)/Pods-MyPopCollection-checkManifestLockResult.txt",
			);
			runOnlyForDeploymentPostprocessing = 0;
			shellPath = /bin/sh;
			shellScript = "diff \"${PODS_ROOT}/../Podfile.lock\" \"${PODS_ROOT}/Manifest.lock\" > /dev/null\nif [ $? != 0 ] ; then\n    # print error to STDERR\n    echo \"error: The sandbox is not in sync with the Podfile.lock. Run 'pod install' or update your CocoaPods installation.\" >&2\n    exit 1\nfi\n";
			showEnvVarsInLog = 0;
		};
/* End PBXShellScriptBuildPhase section */

/* Begin PBXSourcesBuildPhase section */
		D757AB671F4DBB420086BD94 /* Sources */ = {
			isa = PBXSourcesBuildPhase;
			buildActionMask = 2147483647;
			files = (
				D757AB891F4DD7340086BD94 /* MyCollectionViewController.swift in Sources */,
				D773B80D1F56F8BC00FAF557 /* UIColor.swift in Sources */,
				D7C8078B1F4E073F00DA4E33 /* ServiceMock.swift in Sources */,
				D757ABA21F4F423A0086BD94 /* FranchiseTableViewCell.swift in Sources */,
				D757AB871F4DD6790086BD94 /* MainTabBarViewController.swift in Sources */,
				D7BEB90A1F542936003853B7 /* UITextField.swift in Sources */,
				D757AB8D1F4DD7CB0086BD94 /* AddNewItemViewController.swift in Sources */,
				D757AB9A1F4F21EE0086BD94 /* MyCollectionTableViewCell.swift in Sources */,
				D7C8078D1F4E08F200DA4E33 /* Franchise.swift in Sources */,
				D757AB6F1F4DBB420086BD94 /* AppDelegate.swift in Sources */,
				D7C807851F4E031400DA4E33 /* Item.swift in Sources */,
				D757AB8B1F4DD7B50086BD94 /* BrowseFranchisesViewController.swift in Sources */,
				D757ABA81F4F454D0086BD94 /* ItemCollectionViewCell.swift in Sources */,
				D7EA55701F5851360014E1EA /* WishlistViewController.swift in Sources */,
				D7C807871F4E049400DA4E33 /* ItemDetailsViewController.swift in Sources */,
				D7C807891F4E05F800DA4E33 /* StatsViewController.swift in Sources */,
				D757AB851F4DBC8B0086BD94 /* Constants.swift in Sources */,
				D757AB951F4F10BB0086BD94 /* DatabaseHelper.swift in Sources */,
				D757ABA61F4F433B0086BD94 /* FranchiseDetailsViewController.swift in Sources */,
				D757ABA01F4F38980086BD94 /* MyCollectionDetailsViewController.swift in Sources */,
				D7BEB9101F56CA1F003853B7 /* SectionHeaderTitleView.swift in Sources */,
				D757AB9E1F4F34410086BD94 /* BaseViewViewController.swift in Sources */,
			);
			runOnlyForDeploymentPostprocessing = 0;
		};
/* End PBXSourcesBuildPhase section */

/* Begin PBXVariantGroup section */
		D757AB721F4DBB420086BD94 /* Main.storyboard */ = {
			isa = PBXVariantGroup;
			children = (
				D757AB731F4DBB420086BD94 /* Base */,
			);
			name = Main.storyboard;
			sourceTree = "<group>";
		};
		D757AB771F4DBB420086BD94 /* LaunchScreen.storyboard */ = {
			isa = PBXVariantGroup;
			children = (
				D757AB781F4DBB420086BD94 /* Base */,
			);
			name = LaunchScreen.storyboard;
			sourceTree = "<group>";
		};
/* End PBXVariantGroup section */

/* Begin XCBuildConfiguration section */
		D757AB7B1F4DBB420086BD94 /* Debug */ = {
			isa = XCBuildConfiguration;
			buildSettings = {
				ALWAYS_SEARCH_USER_PATHS = NO;
				CLANG_ANALYZER_NONNULL = YES;
				CLANG_ANALYZER_NUMBER_OBJECT_CONVERSION = YES_AGGRESSIVE;
				CLANG_CXX_LANGUAGE_STANDARD = "gnu++0x";
				CLANG_CXX_LIBRARY = "libc++";
				CLANG_ENABLE_MODULES = YES;
				CLANG_ENABLE_OBJC_ARC = YES;
				CLANG_WARN_BOOL_CONVERSION = YES;
				CLANG_WARN_CONSTANT_CONVERSION = YES;
				CLANG_WARN_DIRECT_OBJC_ISA_USAGE = YES_ERROR;
				CLANG_WARN_DOCUMENTATION_COMMENTS = YES;
				CLANG_WARN_EMPTY_BODY = YES;
				CLANG_WARN_ENUM_CONVERSION = YES;
				CLANG_WARN_INFINITE_RECURSION = YES;
				CLANG_WARN_INT_CONVERSION = YES;
				CLANG_WARN_OBJC_ROOT_CLASS = YES_ERROR;
				CLANG_WARN_SUSPICIOUS_MOVE = YES;
				CLANG_WARN_UNREACHABLE_CODE = YES;
				CLANG_WARN__DUPLICATE_METHOD_MATCH = YES;
				"CODE_SIGN_IDENTITY[sdk=iphoneos*]" = "iPhone Developer";
				COPY_PHASE_STRIP = NO;
				DEBUG_INFORMATION_FORMAT = dwarf;
				ENABLE_STRICT_OBJC_MSGSEND = YES;
				ENABLE_TESTABILITY = YES;
				GCC_C_LANGUAGE_STANDARD = gnu99;
				GCC_DYNAMIC_NO_PIC = NO;
				GCC_NO_COMMON_BLOCKS = YES;
				GCC_OPTIMIZATION_LEVEL = 0;
				GCC_PREPROCESSOR_DEFINITIONS = (
					"DEBUG=1",
					"$(inherited)",
				);
				GCC_WARN_64_TO_32_BIT_CONVERSION = YES;
				GCC_WARN_ABOUT_RETURN_TYPE = YES_ERROR;
				GCC_WARN_UNDECLARED_SELECTOR = YES;
				GCC_WARN_UNINITIALIZED_AUTOS = YES_AGGRESSIVE;
				GCC_WARN_UNUSED_FUNCTION = YES;
				GCC_WARN_UNUSED_VARIABLE = YES;
				IPHONEOS_DEPLOYMENT_TARGET = 10.3;
				MTL_ENABLE_DEBUG_INFO = YES;
				ONLY_ACTIVE_ARCH = YES;
				SDKROOT = iphoneos;
				SWIFT_ACTIVE_COMPILATION_CONDITIONS = DEBUG;
				SWIFT_OPTIMIZATION_LEVEL = "-Onone";
				TARGETED_DEVICE_FAMILY = "1,2";
			};
			name = Debug;
		};
		D757AB7C1F4DBB420086BD94 /* Release */ = {
			isa = XCBuildConfiguration;
			buildSettings = {
				ALWAYS_SEARCH_USER_PATHS = NO;
				CLANG_ANALYZER_NONNULL = YES;
				CLANG_ANALYZER_NUMBER_OBJECT_CONVERSION = YES_AGGRESSIVE;
				CLANG_CXX_LANGUAGE_STANDARD = "gnu++0x";
				CLANG_CXX_LIBRARY = "libc++";
				CLANG_ENABLE_MODULES = YES;
				CLANG_ENABLE_OBJC_ARC = YES;
				CLANG_WARN_BOOL_CONVERSION = YES;
				CLANG_WARN_CONSTANT_CONVERSION = YES;
				CLANG_WARN_DIRECT_OBJC_ISA_USAGE = YES_ERROR;
				CLANG_WARN_DOCUMENTATION_COMMENTS = YES;
				CLANG_WARN_EMPTY_BODY = YES;
				CLANG_WARN_ENUM_CONVERSION = YES;
				CLANG_WARN_INFINITE_RECURSION = YES;
				CLANG_WARN_INT_CONVERSION = YES;
				CLANG_WARN_OBJC_ROOT_CLASS = YES_ERROR;
				CLANG_WARN_SUSPICIOUS_MOVE = YES;
				CLANG_WARN_UNREACHABLE_CODE = YES;
				CLANG_WARN__DUPLICATE_METHOD_MATCH = YES;
				"CODE_SIGN_IDENTITY[sdk=iphoneos*]" = "iPhone Developer";
				COPY_PHASE_STRIP = NO;
				DEBUG_INFORMATION_FORMAT = "dwarf-with-dsym";
				ENABLE_NS_ASSERTIONS = NO;
				ENABLE_STRICT_OBJC_MSGSEND = YES;
				GCC_C_LANGUAGE_STANDARD = gnu99;
				GCC_NO_COMMON_BLOCKS = YES;
				GCC_WARN_64_TO_32_BIT_CONVERSION = YES;
				GCC_WARN_ABOUT_RETURN_TYPE = YES_ERROR;
				GCC_WARN_UNDECLARED_SELECTOR = YES;
				GCC_WARN_UNINITIALIZED_AUTOS = YES_AGGRESSIVE;
				GCC_WARN_UNUSED_FUNCTION = YES;
				GCC_WARN_UNUSED_VARIABLE = YES;
				IPHONEOS_DEPLOYMENT_TARGET = 10.3;
				MTL_ENABLE_DEBUG_INFO = NO;
				SDKROOT = iphoneos;
				SWIFT_OPTIMIZATION_LEVEL = "-Owholemodule";
				TARGETED_DEVICE_FAMILY = "1,2";
				VALIDATE_PRODUCT = YES;
			};
			name = Release;
		};
		D757AB7E1F4DBB420086BD94 /* Debug */ = {
			isa = XCBuildConfiguration;
			baseConfigurationReference = 6D8CD9F49D33ABA91209AF89 /* Pods-MyPopCollection.debug.xcconfig */;
			buildSettings = {
				ASSETCATALOG_COMPILER_APPICON_NAME = AppIcon;
				DEVELOPMENT_TEAM = 3HTSHZJ2X2;
				INFOPLIST_FILE = MyPopCollection/Info.plist;
				LD_RUNPATH_SEARCH_PATHS = "$(inherited) @executable_path/Frameworks";
				PRODUCT_BUNDLE_IDENTIFIER = elipasousa.MyPopCollection;
				PRODUCT_NAME = "$(TARGET_NAME)";
				SWIFT_VERSION = 3.0;
			};
			name = Debug;
		};
		D757AB7F1F4DBB420086BD94 /* Release */ = {
			isa = XCBuildConfiguration;
			baseConfigurationReference = 9A9A3D5E1276AC562AC666C7 /* Pods-MyPopCollection.release.xcconfig */;
			buildSettings = {
				ASSETCATALOG_COMPILER_APPICON_NAME = AppIcon;
				DEVELOPMENT_TEAM = 3HTSHZJ2X2;
				INFOPLIST_FILE = MyPopCollection/Info.plist;
				LD_RUNPATH_SEARCH_PATHS = "$(inherited) @executable_path/Frameworks";
				PRODUCT_BUNDLE_IDENTIFIER = elipasousa.MyPopCollection;
				PRODUCT_NAME = "$(TARGET_NAME)";
				SWIFT_VERSION = 3.0;
			};
			name = Release;
		};
/* End XCBuildConfiguration section */

/* Begin XCConfigurationList section */
		D757AB661F4DBB420086BD94 /* Build configuration list for PBXProject "MyPopCollection" */ = {
			isa = XCConfigurationList;
			buildConfigurations = (
				D757AB7B1F4DBB420086BD94 /* Debug */,
				D757AB7C1F4DBB420086BD94 /* Release */,
			);
			defaultConfigurationIsVisible = 0;
			defaultConfigurationName = Release;
		};
		D757AB7D1F4DBB420086BD94 /* Build configuration list for PBXNativeTarget "MyPopCollection" */ = {
			isa = XCConfigurationList;
			buildConfigurations = (
				D757AB7E1F4DBB420086BD94 /* Debug */,
				D757AB7F1F4DBB420086BD94 /* Release */,
			);
			defaultConfigurationIsVisible = 0;
			defaultConfigurationName = Release;
		};
/* End XCConfigurationList section */
	};
	rootObject = D757AB631F4DBB420086BD94 /* Project object */;
}
